{
  "name": "ts_node",
  "version": "1.0.0",
  "lockfileVersion": 1,
  "requires": true,
  "dependencies": {
    "@types/core-decorators": {
      "version": "0.20.0",
      "resolved": "http://registry.npm.taobao.org/@types/core-decorators/download/@types/core-decorators-0.20.0.tgz",
      "integrity": "sha1-gx+iqLs878uovgyn4+HVxiJvCcI=",
      "dev": true,
      "requires": {
        "core-decorators": "*"
      }
    },
    "@types/node": {
      "version": "10.12.0",
      "resolved": "http://registry.npm.taobao.org/@types/node/download/@types/node-10.12.0.tgz",
      "integrity": "sha1-6m3L3bxbWEyD8Gxg6Cc22PuwwjU=",
      "dev": true
    },
    "arrify": {
      "version": "1.0.1",
      "resolved": "http://registry.npm.taobao.org/arrify/download/arrify-1.0.1.tgz",
      "integrity": "sha1-iYUI2iIm84DfkEcoRWhJwVAaSw0="
    },
    "buffer-from": {
      "version": "1.1.1",
      "resolved": "http://registry.npm.taobao.org/buffer-from/download/buffer-from-1.1.1.tgz",
      "integrity": "sha1-MnE7wCj3XAL9txDXx7zsHyxgcO8="
    },
    "core-decorators": {
      "version": "0.20.0",
      "resolved": "http://registry.npm.taobao.org/core-decorators/download/core-decorators-0.20.0.tgz",
      "integrity": "sha1-YFiWYkBTr4wo775zXCWjAaYcZcU="
    },
    "diff": {
      "version": "3.5.0",
      "resolved": "http://registry.npm.taobao.org/diff/download/diff-3.5.0.tgz",
      "integrity": "sha1-gAwN0eCov7yVg1wgKtIg/jF+WhI="
    },
    "make-error": {
      "version": "1.3.5",
      "resolved": "http://registry.npm.taobao.org/make-error/download/make-error-1.3.5.tgz",
      "integrity": "sha1-7+ToH22yjK3WBccPKcgxtY73dsg="
    },
    "minimist": {
      "version": "1.2.0",
      "resolved": "http://registry.npm.taobao.org/minimist/download/minimist-1.2.0.tgz",
      "integrity": "sha1-o1AIsg9BOD7sH7kU9M1d95omQoQ="
    },
    "mkdirp": {
      "version": "0.5.1",
      "resolved": "http://registry.npm.taobao.org/mkdirp/download/mkdirp-0.5.1.tgz",
      "integrity": "sha1-MAV0OOrGz3+MR2fzhkjWaX11yQM=",
      "requires": {
        "minimist": "0.0.8"
      },
      "dependencies": {
        "minimist": {
          "version": "0.0.8",
          "resolved": "http://registry.npm.taobao.org/minimist/download/minimist-0.0.8.tgz",
          "integrity": "sha1-hX/Kv8M5fSYluCKCYuhqp6ARsF0="
        }
      }
    },
    "source-map": {
      "version": "0.6.1",
      "resolved": "http://registry.npm.taobao.org/source-map/download/source-map-0.6.1.tgz",
      "integrity": "sha1-dHIq8y6WFOnCh6jQu95IteLxomM="
    },
    "source-map-support": {
      "version": "0.5.9",
      "resolved": "http://registry.npm.taobao.org/source-map-support/download/source-map-support-0.5.9.tgz",
      "integrity": "sha1-QbyVOyU0Jn6i1gW8z6e/oxEc7V8=",
      "requires": {
        "buffer-from": "^1.0.0",
        "source-map": "^0.6.0"
      }
    },
    "ts-node": {
      "version": "7.0.1",
      "resolved": "http://registry.npm.taobao.org/ts-node/download/ts-node-7.0.1.tgz",
      "integrity": "sha1-lWLcLR5tJI0kvFX3c+P2FDN9m68=",
      "requires": {
        "arrify": "^1.0.0",
        "buffer-from": "^1.1.0",
        "diff": "^3.1.0",
        "make-error": "^1.1.1",
        "minimist": "^1.2.0",
        "mkdirp": "^0.5.1",
        "source-map-support": "^0.5.6",
        "yn": "^2.0.0"
      }
    },
    "typescript": {
      "version": "3.1.3",
      "resolved": "http://registry.npm.taobao.org/typescript/download/typescript-3.1.3.tgz",
      "integrity": "sha1-AbcCR6bTwkZ/cMRXle9eoYzhkdU="
    },
    "yn": {
      "version": "2.0.0",
      "resolved": "http://registry.npm.taobao.org/yn/download/yn-2.0.0.tgz",
      "integrity": "sha1-5a2ryKz0CPY4X8dklWhMiOavaJo="
    }
  }
}
